
Microsoft Visual Studio Solution File, Format Version 12.00
# Visual Studio Version 17
VisualStudioVersion = 17.8.34525.116
MinimumVisualStudioVersion = 10.0.40219.1
Project("{8BC9CEB8-8B4A-11D0-8D11-00A0C91BC942}") = "Sandbox", "Sandbox\Sandbox.vcxproj", "{0D4FF29B-E719-4B7F-B52B-EF5C168D4BCA}"
EndProject
Project("{8BC9CEB8-8B4A-11D0-8D11-00A0C91BC942}") = "LHazel", "LHazel\LHazel.vcxproj", "{5D3B42CA-C00A-4974-9CE0-CF90372AE0A0}"
EndProject
Global
	GlobalSection(SolutionConfigurationPlatforms) = preSolution
		Debug|x64 = Debug|x64
		Release|x64 = Release|x64
	EndGlobalSection
	GlobalSection(ProjectConfigurationPlatforms) = postSolution
		{0D4FF29B-E719-4B7F-B52B-EF5C168D4BCA}.Debug|x64.ActiveCfg = Debug|x64
		{0D4FF29B-E719-4B7F-B52B-EF5C168D4BCA}.Debug|x64.Build.0 = Debug|x64
		{0D4FF29B-E719-4B7F-B52B-EF5C168D4BCA}.Release|x64.ActiveCfg = Release|x64
		{0D4FF29B-E719-4B7F-B52B-EF5C168D4BCA}.Release|x64.Build.0 = Release|x64
		{5D3B42CA-C00A-4974-9CE0-CF90372AE0A0}.Debug|x64.ActiveCfg = Debug|x64
		{5D3B42CA-C00A-4974-9CE0-CF90372AE0A0}.Debug|x64.Build.0 = Debug|x64
		{5D3B42CA-C00A-4974-9CE0-CF90372AE0A0}.Release|x64.ActiveCfg = Release|x64
		{5D3B42CA-C00A-4974-9CE0-CF90372AE0A0}.Release|x64.Build.0 = Release|x64
	EndGlobalSection
	GlobalSection(SolutionProperties) = preSolution
		HideSolutionNode = FALSE
	EndGlobalSection
	GlobalSection(ExtensibilityGlobals) = postSolution
		SolutionGuid = {4B8CC9B3-9025-4D1A-9CAA-84229C409A7E}
	EndGlobalSection
EndGlobal
